github.com/letmesolveyou/go-print-slice v1.0.4 h1:HG9JgoCJWNmQJJtM2zbN528T5nL55BPMdSZ4A6N50Ew=
github.com/letmesolveyou/go-print-slice v1.0.4/go.mod h1:aF7X6pa05AlbnINYyrZGyzm0isiB4MxCqYoI3UND2Ng=
github.com/letmesolveyou/go-print-slice v1.0.5 h1:uVK9mvLnnVswQeRsIzw9J72+WrF/K+C45nKzD0qqPtA=
github.com/letmesolveyou/go-print-slice v1.0.5/go.mod h1:aF7X6pa05AlbnINYyrZGyzm0isiB4MxCqYoI3UND2Ng=
